
Microsoft Visual Studio Solution File, Format Version 12.00
Project("{FAE04EC0-301F-11D3-BF4B-00C04F79EFBC}") = "PR10", "PR10\PR10.csproj", "{2E3A8343-6BAB-4EEC-B634-AF130E02B6BF}"
EndProject
Global
	GlobalSection(SolutionConfigurationPlatforms) = preSolution
		Debug|Any CPU = Debug|Any CPU
		Release|Any CPU = Release|Any CPU
	EndGlobalSection
	GlobalSection(ProjectConfigurationPlatforms) = postSolution
		{2E3A8343-6BAB-4EEC-B634-AF130E02B6BF}.Debug|Any CPU.ActiveCfg = Debug|Any CPU
		{2E3A8343-6BAB-4EEC-B634-AF130E02B6BF}.Debug|Any CPU.Build.0 = Debug|Any CPU
		{2E3A8343-6BAB-4EEC-B634-AF130E02B6BF}.Release|Any CPU.ActiveCfg = Release|Any CPU
		{2E3A8343-6BAB-4EEC-B634-AF130E02B6BF}.Release|Any CPU.Build.0 = Release|Any CPU
	EndGlobalSection
EndGlobal
